
Microsoft Visual Studio Solution File, Format Version 12.00
# Visual Studio Version 17
VisualStudioVersion = 17.9.34701.34
MinimumVisualStudioVersion = 10.0.40219.1
Project("{9A19103F-16F7-4668-BE54-9A1E7A4F7556}") = "TelevisionchannelMangement", "TelevisionchannelMangement\TelevisionchannelMangement.csproj", "{74D23D20-121F-4E64-B307-7776CFDD7181}"
EndProject
Global
	GlobalSection(SolutionConfigurationPlatforms) = preSolution
		Debug|Any CPU = Debug|Any CPU
		Release|Any CPU = Release|Any CPU
	EndGlobalSection
	GlobalSection(ProjectConfigurationPlatforms) = postSolution
		{74D23D20-121F-4E64-B307-7776CFDD7181}.Debug|Any CPU.ActiveCfg = Debug|Any CPU
		{74D23D20-121F-4E64-B307-7776CFDD7181}.Debug|Any CPU.Build.0 = Debug|Any CPU
		{74D23D20-121F-4E64-B307-7776CFDD7181}.Release|Any CPU.ActiveCfg = Release|Any CPU
		{74D23D20-121F-4E64-B307-7776CFDD7181}.Release|Any CPU.Build.0 = Release|Any CPU
	EndGlobalSection
	GlobalSection(SolutionProperties) = preSolution
		HideSolutionNode = FALSE
	EndGlobalSection
	GlobalSection(ExtensibilityGlobals) = postSolution
		SolutionGuid = {79C45A45-049B-47D5-B193-9DFD782E8BB1}
	EndGlobalSection
EndGlobal
